
Microsoft Visual Studio Solution File, Format Version 12.00
# Visual Studio Version 17
VisualStudioVersion = 17.5.33424.131
MinimumVisualStudioVersion = 10.0.40219.1
Project("{9A19103F-16F7-4668-BE54-9A1E7A4F7556}") = "WebAppPlugin", "WebAppPlugin\WebAppPlugin.csproj", "{24E6DF79-53E1-4826-B0CB-C6B700692D3F}"
EndProject
Project("{9A19103F-16F7-4668-BE54-9A1E7A4F7556}") = "Luke.Plugin.Core", "Luke.Plugin.Core\Luke.Plugin.Core.csproj", "{13353479-B417-4398-AAB8-AE623DAA3169}"
EndProject
Project("{9A19103F-16F7-4668-BE54-9A1E7A4F7556}") = "Plugin.Abstractions", "Plugin.Abstractions\Plugin.Abstractions.csproj", "{162286D9-5653-48AA-8E6A-1C7753830BB9}"
EndProject
Project("{9A19103F-16F7-4668-BE54-9A1E7A4F7556}") = "Plugin.Test1", "Plugin.Test1\Plugin.Test1.csproj", "{90DF4DA9-CBC7-4CC3-A29E-E5EE495DFF7C}"
EndProject
Project("{2150E333-8FDC-42A3-9474-1A3956D46DE8}") = "Net", "Net", "{0222C05E-73EE-43FA-8467-4794E423D43C}"
EndProject
Project("{2150E333-8FDC-42A3-9474-1A3956D46DE8}") = "NetFramework", "NetFramework", "{E40BEA6F-6F30-4C37-8CDD-DA4E9BFB3B02}"
EndProject
Project("{FAE04EC0-301F-11D3-BF4B-00C04F79EFBC}") = "ConsoleAppPlugin", "ConsoleAppPlugin\ConsoleAppPlugin.csproj", "{FCF8EF3C-0F49-4E35-8E37-EE61126D2CB6}"
EndProject
Project("{FAE04EC0-301F-11D3-BF4B-00C04F79EFBC}") = "Plugin.Abstractions.Framework", "Plugin.Abstractions.Framework\Plugin.Abstractions.Framework.csproj", "{4B253576-9348-4EF0-889F-C453FE47D7AE}"
EndProject
Project("{FAE04EC0-301F-11D3-BF4B-00C04F79EFBC}") = "Plugin.Test1.Framework", "Plugin.Test1.Framework\Plugin.Test1.Framework.csproj", "{DFF86766-B8F5-4EAF-9DDE-175FC3E09F5D}"
EndProject
Global
	GlobalSection(SolutionConfigurationPlatforms) = preSolution
		Debug|Any CPU = Debug|Any CPU
		Release|Any CPU = Release|Any CPU
	EndGlobalSection
	GlobalSection(ProjectConfigurationPlatforms) = postSolution
		{24E6DF79-53E1-4826-B0CB-C6B700692D3F}.Debug|Any CPU.ActiveCfg = Debug|Any CPU
		{24E6DF79-53E1-4826-B0CB-C6B700692D3F}.Debug|Any CPU.Build.0 = Debug|Any CPU
		{24E6DF79-53E1-4826-B0CB-C6B700692D3F}.Release|Any CPU.ActiveCfg = Release|Any CPU
		{24E6DF79-53E1-4826-B0CB-C6B700692D3F}.Release|Any CPU.Build.0 = Release|Any CPU
		{13353479-B417-4398-AAB8-AE623DAA3169}.Debug|Any CPU.ActiveCfg = Debug|Any CPU
		{13353479-B417-4398-AAB8-AE623DAA3169}.Debug|Any CPU.Build.0 = Debug|Any CPU
		{13353479-B417-4398-AAB8-AE623DAA3169}.Release|Any CPU.ActiveCfg = Release|Any CPU
		{13353479-B417-4398-AAB8-AE623DAA3169}.Release|Any CPU.Build.0 = Release|Any CPU
		{162286D9-5653-48AA-8E6A-1C7753830BB9}.Debug|Any CPU.ActiveCfg = Debug|Any CPU
		{162286D9-5653-48AA-8E6A-1C7753830BB9}.Debug|Any CPU.Build.0 = Debug|Any CPU
		{162286D9-5653-48AA-8E6A-1C7753830BB9}.Release|Any CPU.ActiveCfg = Release|Any CPU
		{162286D9-5653-48AA-8E6A-1C7753830BB9}.Release|Any CPU.Build.0 = Release|Any CPU
		{90DF4DA9-CBC7-4CC3-A29E-E5EE495DFF7C}.Debug|Any CPU.ActiveCfg = Debug|Any CPU
		{90DF4DA9-CBC7-4CC3-A29E-E5EE495DFF7C}.Debug|Any CPU.Build.0 = Debug|Any CPU
		{90DF4DA9-CBC7-4CC3-A29E-E5EE495DFF7C}.Release|Any CPU.ActiveCfg = Release|Any CPU
		{90DF4DA9-CBC7-4CC3-A29E-E5EE495DFF7C}.Release|Any CPU.Build.0 = Release|Any CPU
		{FCF8EF3C-0F49-4E35-8E37-EE61126D2CB6}.Debug|Any CPU.ActiveCfg = Debug|Any CPU
		{FCF8EF3C-0F49-4E35-8E37-EE61126D2CB6}.Debug|Any CPU.Build.0 = Debug|Any CPU
		{FCF8EF3C-0F49-4E35-8E37-EE61126D2CB6}.Release|Any CPU.ActiveCfg = Release|Any CPU
		{FCF8EF3C-0F49-4E35-8E37-EE61126D2CB6}.Release|Any CPU.Build.0 = Release|Any CPU
		{4B253576-9348-4EF0-889F-C453FE47D7AE}.Debug|Any CPU.ActiveCfg = Debug|Any CPU
		{4B253576-9348-4EF0-889F-C453FE47D7AE}.Debug|Any CPU.Build.0 = Debug|Any CPU
		{4B253576-9348-4EF0-889F-C453FE47D7AE}.Release|Any CPU.ActiveCfg = Release|Any CPU
		{4B253576-9348-4EF0-889F-C453FE47D7AE}.Release|Any CPU.Build.0 = Release|Any CPU
		{DFF86766-B8F5-4EAF-9DDE-175FC3E09F5D}.Debug|Any CPU.ActiveCfg = Debug|Any CPU
		{DFF86766-B8F5-4EAF-9DDE-175FC3E09F5D}.Debug|Any CPU.Build.0 = Debug|Any CPU
		{DFF86766-B8F5-4EAF-9DDE-175FC3E09F5D}.Release|Any CPU.ActiveCfg = Release|Any CPU
		{DFF86766-B8F5-4EAF-9DDE-175FC3E09F5D}.Release|Any CPU.Build.0 = Release|Any CPU
	EndGlobalSection
	GlobalSection(SolutionProperties) = preSolution
		HideSolutionNode = FALSE
	EndGlobalSection
	GlobalSection(NestedProjects) = preSolution
		{24E6DF79-53E1-4826-B0CB-C6B700692D3F} = {0222C05E-73EE-43FA-8467-4794E423D43C}
		{13353479-B417-4398-AAB8-AE623DAA3169} = {0222C05E-73EE-43FA-8467-4794E423D43C}
		{162286D9-5653-48AA-8E6A-1C7753830BB9} = {0222C05E-73EE-43FA-8467-4794E423D43C}
		{90DF4DA9-CBC7-4CC3-A29E-E5EE495DFF7C} = {0222C05E-73EE-43FA-8467-4794E423D43C}
		{FCF8EF3C-0F49-4E35-8E37-EE61126D2CB6} = {E40BEA6F-6F30-4C37-8CDD-DA4E9BFB3B02}
		{4B253576-9348-4EF0-889F-C453FE47D7AE} = {E40BEA6F-6F30-4C37-8CDD-DA4E9BFB3B02}
		{DFF86766-B8F5-4EAF-9DDE-175FC3E09F5D} = {E40BEA6F-6F30-4C37-8CDD-DA4E9BFB3B02}
	EndGlobalSection
	GlobalSection(ExtensibilityGlobals) = postSolution
		SolutionGuid = {906CEF8C-08A3-4F0A-87CB-8F1C85EFBBED}
	EndGlobalSection
EndGlobal
